# This file is autogenerated, do not edit; changes may be undone by the next 'dep ensure'.


[[projects]]
  name = "github.com/lestrrat/go-server-starter"
  packages = ["listener"]
  revision = "88699d57aeee0276b4198e135883ff24b88a742f"
  version = "0.0.2"

[solve-meta]
  analyzer-name = "dep"
  analyzer-version = 1
  inputs-digest = "40b0ce83d48349bcc58980d9db5f13a62f4a138e3c0ef2ea977823e81db39ffe"
  solver-name = "gps-cdcl"
  solver-version = 1
